
Microsoft Visual Studio Solution File, Format Version 12.00
# Visual Studio Version 17
VisualStudioVersion = 17.3.32922.545
MinimumVisualStudioVersion = 10.0.40219.1
Project("{FAE04EC0-301F-11D3-BF4B-00C04F79EFBC}") = "aLaCarta", "aLaCarta\aLaCarta.csproj", "{ACEE8310-40E9-495C-B90B-C115A569376D}"
EndProject
Global
	GlobalSection(SolutionConfigurationPlatforms) = preSolution
		Debug|Any CPU = Debug|Any CPU
		Release|Any CPU = Release|Any CPU
	EndGlobalSection
	GlobalSection(ProjectConfigurationPlatforms) = postSolution
		{ACEE8310-40E9-495C-B90B-C115A569376D}.Debug|Any CPU.ActiveCfg = Debug|Any CPU
		{ACEE8310-40E9-495C-B90B-C115A569376D}.Debug|Any CPU.Build.0 = Debug|Any CPU
		{ACEE8310-40E9-495C-B90B-C115A569376D}.Release|Any CPU.ActiveCfg = Release|Any CPU
		{ACEE8310-40E9-495C-B90B-C115A569376D}.Release|Any CPU.Build.0 = Release|Any CPU
	EndGlobalSection
	GlobalSection(SolutionProperties) = preSolution
		HideSolutionNode = FALSE
	EndGlobalSection
	GlobalSection(ExtensibilityGlobals) = postSolution
		SolutionGuid = {102C6E02-9B8F-47CD-A000-840C562B90A3}
	EndGlobalSection
EndGlobal
